{
  "version": 1,
  "dependencies": {
    "net9.0": {
      "Microsoft.VisualStudio.Azure.Containers.Tools.Targets": {
        "type": "Direct",
        "requested": "[1.21.0, )",
        "resolved": "1.21.0",
        "contentHash": "8NudeHOE56YsY59HYY89akRMup8Ho+7Y3cADTGjajjWroXVU9RQai2nA6PfteB8AuzmRHZ5NZQB2BnWhQEul5g=="
      },
      "System.CommandLine": {
        "type": "Direct",
        "requested": "[2.0.0-beta4.22272.1, )",
        "resolved": "2.0.0-beta4.22272.1",
        "contentHash": "1uqED/q2H0kKoLJ4+hI2iPSBSEdTuhfCYADeJrAqERmiGQ2NNacYKRNEQ+gFbU4glgVyK8rxI+ZOe1onEtr/Pg=="
      },
      "releasecreator.semanticversionutil": {
        "type": "Project"
      }
    }
  }
}